
Microsoft Visual Studio Solution File, Format Version 12.00
# Visual Studio Version 17
VisualStudioVersion = 17.14.36301.6 d17.14
MinimumVisualStudioVersion = 10.0.40219.1
Project("{FAE04EC0-301F-11D3-BF4B-00C04F79EFBC}") = "AgendaAPI", "AgendaAPI\AgendaAPI.csproj", "{92BD2D15-C858-47D9-9798-FE9B906EE6DE}"
EndProject
Global
	GlobalSection(SolutionConfigurationPlatforms) = preSolution
		Debug|Any CPU = Debug|Any CPU
		Release|Any CPU = Release|Any CPU
	EndGlobalSection
	GlobalSection(ProjectConfigurationPlatforms) = postSolution
		{92BD2D15-C858-47D9-9798-FE9B906EE6DE}.Debug|Any CPU.ActiveCfg = Debug|Any CPU
		{92BD2D15-C858-47D9-9798-FE9B906EE6DE}.Debug|Any CPU.Build.0 = Debug|Any CPU
		{92BD2D15-C858-47D9-9798-FE9B906EE6DE}.Release|Any CPU.ActiveCfg = Release|Any CPU
		{92BD2D15-C858-47D9-9798-FE9B906EE6DE}.Release|Any CPU.Build.0 = Release|Any CPU
	EndGlobalSection
	GlobalSection(SolutionProperties) = preSolution
		HideSolutionNode = FALSE
	EndGlobalSection
	GlobalSection(ExtensibilityGlobals) = postSolution
		SolutionGuid = {C50F02E5-FEDC-46DC-B320-40AE1B008B94}
	EndGlobalSection
EndGlobal
